{
  "object": {
    "pins": [
      {
        "package": "Runestone",
        "repositoryURL": "https://github.com/simonbs/Runestone",
        "state": {
          "branch": null,
          "revision": "5815d20fc3c5403d2afc74f759fc507a335465ab",
          "version": "0.2.8"
        }
      }
    ]
  },
  "version": 1
}
