{
  "object": {
    "pins": [
      {
        "package": "Runestone",
        "repositoryURL": "https://github.com/simonbs/Runestone",
        "state": {
          "branch": null,
          "revision": "bc2083b43cfcf59e5d802a3e35def5bd227b1774",
          "version": "0.2.9"
        }
      }
    ]
  },
  "version": 1
}
