{
  "object": {
    "pins": [
      {
        "package": "Runestone",
        "repositoryURL": "git@github.com:simonbs/Runestone.git",
        "state": {
          "branch": "main",
          "revision": "8b61629b280e1419d6f581c2df19cbed2538e720",
          "version": null
        }
      }
    ]
  },
  "version": 1
}
